
Microsoft Visual Studio Solution File, Format Version 12.00
# Visual Studio 2012
Project("{2150E333-8FDC-42A3-9474-1A3956D46DE8}") = ".nuget", ".nuget", "{5BB47924-8B97-4AAC-B7F3-10E10BF9DB08}"
	ProjectSection(SolutionItems) = preProject
		.nuget\NuGet.exe = .nuget\NuGet.exe
		.nuget\NuGet.targets = .nuget\NuGet.targets
	EndProjectSection
EndProject
Project("{2150E333-8FDC-42A3-9474-1A3956D46DE8}") = "tools", "tools", "{BD183054-6B40-46B4-A2E3-161DD4959D02}"
	ProjectSection(SolutionItems) = preProject
		tools\Delete Raven Server Data.cmd = tools\Delete Raven Server Data.cmd
		tools\Start Raven Server (no open admin UI).cmd = tools\Start Raven Server (no open admin UI).cmd
		tools\Start Raven Server.cmd = tools\Start Raven Server.cmd
	EndProjectSection
EndProject
Project("{2150E333-8FDC-42A3-9474-1A3956D46DE8}") = "Test", "Test", "{1FC2C802-0B0A-4E0F-B5CD-C22ED9047219}"
EndProject
Project("{2150E333-8FDC-42A3-9474-1A3956D46DE8}") = "Solution Items", "Solution Items", "{EBB6AFC6-24EB-471F-863B-04439C8B6842}"
	ProjectSection(SolutionItems) = preProject
		CommonJobs.vsmdi = CommonJobs.vsmdi
		Local.testsettings = Local.testsettings
		TraceAndTestImpact.testsettings = TraceAndTestImpact.testsettings
	EndProjectSection
EndProject
Project("{2150E333-8FDC-42A3-9474-1A3956D46DE8}") = "DomainIndependent", "DomainIndependent", "{956941F4-8905-499B-BA53-E65672714AC3}"
EndProject
Project("{2150E333-8FDC-42A3-9474-1A3956D46DE8}") = "DomainDependent", "DomainDependent", "{D686F982-B15B-4AAE-AF11-97BFF60C26F3}"
EndProject
Project("{2150E333-8FDC-42A3-9474-1A3956D46DE8}") = "BackupTool", "BackupTool", "{6E3EF4B1-4822-457F-BDC4-513CF9C84001}"
	ProjectSection(SolutionItems) = preProject
		BackupTool\7za.exe = BackupTool\7za.exe
		BackupTool\backup.cmd = BackupTool\backup.cmd
		BackupTool\Newtonsoft.Json.dll = BackupTool\Newtonsoft.Json.dll
		BackupTool\Raven.Backup.exe = BackupTool\Raven.Backup.exe
	EndProjectSection
EndProject
Project("{FAE04EC0-301F-11D3-BF4B-00C04F79EFBC}") = "CommonJobs.Domain", "CommonJobs.Domain\CommonJobs.Domain.csproj", "{CC2939C6-A278-4789-B937-ADB693E69C89}"
EndProject
Project("{FAE04EC0-301F-11D3-BF4B-00C04F79EFBC}") = "CommonJobs.Application", "CommonJobs.Application\CommonJobs.Application.csproj", "{4D58F500-CDC4-4697-8DA5-15568E804317}"
EndProject
Project("{FAE04EC0-301F-11D3-BF4B-00C04F79EFBC}") = "CommonJobs.Infrastructure.Mvc", "CommonJobs.Infrastructure.Mvc\CommonJobs.Infrastructure.Mvc.csproj", "{658EAF8E-02A2-4029-AC52-942261EE486C}"
EndProject
Project("{FAE04EC0-301F-11D3-BF4B-00C04F79EFBC}") = "CommonJobs.Utilities", "CommonJobs.Utilities\CommonJobs.Utilities.csproj", "{FABFCAFA-F6F2-47C2-B393-66E97203F107}"
EndProject
Project("{FAE04EC0-301F-11D3-BF4B-00C04F79EFBC}") = "CommonJobs.Utilities.Test", "CommonJobs.Utilities.Test\CommonJobs.Utilities.Test.csproj", "{954BDA8F-14DC-42BA-B975-59C4F2149779}"
EndProject
Project("{FAE04EC0-301F-11D3-BF4B-00C04F79EFBC}") = "CommonJobs.Infrastructure.Mvc.Test", "CommonJobs.Infrastructure.Mvc.Test\CommonJobs.Infrastructure.Mvc.Test.csproj", "{EA93A17D-54EC-4703-A387-9BD605154300}"
EndProject
Project("{FAE04EC0-301F-11D3-BF4B-00C04F79EFBC}") = "CommonJobs.Mvc.UI", "CommonJobs.Mvc.UI\CommonJobs.Mvc.UI.csproj", "{8663EC74-0F8F-482D-9CFF-DCB4F5C12E0C}"
EndProject
Project("{FAE04EC0-301F-11D3-BF4B-00C04F79EFBC}") = "CommonJobs.Infrastructure.RavenDb", "CommonJobs.Infrastructure.RavenDb\CommonJobs.Infrastructure.RavenDb.csproj", "{7B4A0A21-0CDE-432A-A785-599D4339AD8E}"
EndProject
Project("{FAE04EC0-301F-11D3-BF4B-00C04F79EFBC}") = "CommonJobs.ContentExtraction", "CommonJobs.ContentExtraction\CommonJobs.ContentExtraction.csproj", "{FCF0DC4A-8A75-499D-AE7D-25D2F5174E38}"
EndProject
Project("{FAE04EC0-301F-11D3-BF4B-00C04F79EFBC}") = "CommonJobs.ContentExtraction.Extractors", "CommonJobs.ContentExtraction.Extractors\CommonJobs.ContentExtraction.Extractors.csproj", "{BD46EC5E-D3DD-42C2-81D1-D7B2B05B7A4E}"
EndProject
Project("{FAE04EC0-301F-11D3-BF4B-00C04F79EFBC}") = "CommonJobs.ContentExtraction.IFilterExtraction", "CommonJobs.ContentExtraction.IFilterExtraction\CommonJobs.ContentExtraction.IFilterExtraction.csproj", "{3B252589-C00B-49F6-92A0-EE2C8E7C671F}"
EndProject
Project("{FAE04EC0-301F-11D3-BF4B-00C04F79EFBC}") = "CommonJobs.Infrastructure.Migrations", "CommonJobs.Infrastructure.Migrations\CommonJobs.Infrastructure.Migrations.csproj", "{B6D54592-07C8-4B5E-A607-DD7FE49A43B6}"
EndProject
Project("{FAE04EC0-301F-11D3-BF4B-00C04F79EFBC}") = "CommonJobs.Migrations", "CommonJobs.Migrations\CommonJobs.Migrations.csproj", "{E01BBAFF-4FD7-4A4F-89A6-4FA54CC622BA}"
EndProject
Project("{FAE04EC0-301F-11D3-BF4B-00C04F79EFBC}") = "CommonJobs.Domain.Tests", "CommonJobs.Domain.Tests\CommonJobs.Domain.Tests.csproj", "{0F409239-29E3-43A5-8A08-BBFD9EB9A8AF}"
EndProject
Project("{FAE04EC0-301F-11D3-BF4B-00C04F79EFBC}") = "CommonJobs.ContentExtraction.IFilterExtraction.Test", "CommonJobs.ContentExtraction.IFilterExtraction.Test\CommonJobs.ContentExtraction.IFilterExtraction.Test.csproj", "{59E14CFE-90AD-485A-9F00-55CBF6F7D6BD}"
EndProject
Project("{FAE04EC0-301F-11D3-BF4B-00C04F79EFBC}") = "CommonJobs.Mvc.PublicUI", "CommonJobs.Mvc.PublicUI\CommonJobs.Mvc.PublicUI.csproj", "{B2C59C04-8655-46AA-B270-20DEC878D413}"
EndProject
Project("{FAE04EC0-301F-11D3-BF4B-00C04F79EFBC}") = "CommonJobs.Application.Test", "CommonJobs.Application.Test\CommonJobs.Application.Test.csproj", "{CB566F8B-ADBD-419B-9F0C-A1B7B048C21C}"
EndProject
Project("{FAE04EC0-301F-11D3-BF4B-00C04F79EFBC}") = "CommonJobs.JavaScript", "CommonJobs.JavaScript\CommonJobs.JavaScript.csproj", "{60875F2E-5CBF-4E9C-941C-408C5482AA95}"
EndProject
Project("{2150E333-8FDC-42A3-9474-1A3956D46DE8}") = "MyMenu", "MyMenu", "{9811C1AB-4C0A-472C-AA69-E34B564E0A6B}"
EndProject
Project("{FAE04EC0-301F-11D3-BF4B-00C04F79EFBC}") = "CommonJobs.Domain.MyMenu", "CommonJobs.Domain.MyMenu\CommonJobs.Domain.MyMenu.csproj", "{962EE4F4-0045-42D2-9941-18D9CA184ABE}"
EndProject
Project("{FAE04EC0-301F-11D3-BF4B-00C04F79EFBC}") = "CommonJobs.Application.MyMenu", "CommonJobs.Application.MyMenu\CommonJobs.Application.MyMenu.csproj", "{16534BA4-8F5C-4214-8840-8062090BF7A2}"
EndProject
Project("{2150E333-8FDC-42A3-9474-1A3956D46DE8}") = "Profiles", "Profiles", "{190CD27F-1ECE-4064-8A1E-412343E5E0ED}"
EndProject
Project("{FAE04EC0-301F-11D3-BF4B-00C04F79EFBC}") = "CommonJobs.Application.Profiles", "CommonJobs.Application.Profiles\CommonJobs.Application.Profiles.csproj", "{D5A300E2-ECBB-45B9-B266-2419180597DC}"
EndProject
Project("{FAE04EC0-301F-11D3-BF4B-00C04F79EFBC}") = "CommonJobs.Domain.Profiles", "CommonJobs.Domain.Profiles\CommonJobs.Domain.Profiles.csproj", "{A897B065-2207-4FAF-897A-31449B95F3FE}"
EndProject
Global
	GlobalSection(TestCaseManagementSettings) = postSolution
		CategoryFile = CommonJobs.vsmdi
	EndGlobalSection
	GlobalSection(SolutionConfigurationPlatforms) = preSolution
		Debug|Any CPU = Debug|Any CPU
		DEV|Any CPU = DEV|Any CPU
		PROD|Any CPU = PROD|Any CPU
		Release|Any CPU = Release|Any CPU
	EndGlobalSection
	GlobalSection(ProjectConfigurationPlatforms) = postSolution
		{CC2939C6-A278-4789-B937-ADB693E69C89}.Debug|Any CPU.ActiveCfg = Debug|Any CPU
		{CC2939C6-A278-4789-B937-ADB693E69C89}.Debug|Any CPU.Build.0 = Debug|Any CPU
		{CC2939C6-A278-4789-B937-ADB693E69C89}.DEV|Any CPU.ActiveCfg = DEV|Any CPU
		{CC2939C6-A278-4789-B937-ADB693E69C89}.DEV|Any CPU.Build.0 = DEV|Any CPU
		{CC2939C6-A278-4789-B937-ADB693E69C89}.PROD|Any CPU.ActiveCfg = PROD|Any CPU
		{CC2939C6-A278-4789-B937-ADB693E69C89}.PROD|Any CPU.Build.0 = PROD|Any CPU
		{CC2939C6-A278-4789-B937-ADB693E69C89}.Release|Any CPU.ActiveCfg = DEV|Any CPU
		{CC2939C6-A278-4789-B937-ADB693E69C89}.Release|Any CPU.Build.0 = DEV|Any CPU
		{4D58F500-CDC4-4697-8DA5-15568E804317}.Debug|Any CPU.ActiveCfg = Debug|Any CPU
		{4D58F500-CDC4-4697-8DA5-15568E804317}.Debug|Any CPU.Build.0 = Debug|Any CPU
		{4D58F500-CDC4-4697-8DA5-15568E804317}.DEV|Any CPU.ActiveCfg = DEV|Any CPU
		{4D58F500-CDC4-4697-8DA5-15568E804317}.DEV|Any CPU.Build.0 = DEV|Any CPU
		{4D58F500-CDC4-4697-8DA5-15568E804317}.PROD|Any CPU.ActiveCfg = PROD|Any CPU
		{4D58F500-CDC4-4697-8DA5-15568E804317}.PROD|Any CPU.Build.0 = PROD|Any CPU
		{4D58F500-CDC4-4697-8DA5-15568E804317}.Release|Any CPU.ActiveCfg = DEV|Any CPU
		{4D58F500-CDC4-4697-8DA5-15568E804317}.Release|Any CPU.Build.0 = DEV|Any CPU
		{658EAF8E-02A2-4029-AC52-942261EE486C}.Debug|Any CPU.ActiveCfg = Debug|Any CPU
		{658EAF8E-02A2-4029-AC52-942261EE486C}.Debug|Any CPU.Build.0 = Debug|Any CPU
		{658EAF8E-02A2-4029-AC52-942261EE486C}.DEV|Any CPU.ActiveCfg = DEV|Any CPU
		{658EAF8E-02A2-4029-AC52-942261EE486C}.DEV|Any CPU.Build.0 = DEV|Any CPU
		{658EAF8E-02A2-4029-AC52-942261EE486C}.PROD|Any CPU.ActiveCfg = PROD|Any CPU
		{658EAF8E-02A2-4029-AC52-942261EE486C}.PROD|Any CPU.Build.0 = PROD|Any CPU
		{658EAF8E-02A2-4029-AC52-942261EE486C}.Release|Any CPU.ActiveCfg = DEV|Any CPU
		{658EAF8E-02A2-4029-AC52-942261EE486C}.Release|Any CPU.Build.0 = DEV|Any CPU
		{FABFCAFA-F6F2-47C2-B393-66E97203F107}.Debug|Any CPU.ActiveCfg = Debug|Any CPU
		{FABFCAFA-F6F2-47C2-B393-66E97203F107}.Debug|Any CPU.Build.0 = Debug|Any CPU
		{FABFCAFA-F6F2-47C2-B393-66E97203F107}.DEV|Any CPU.ActiveCfg = DEV|Any CPU
		{FABFCAFA-F6F2-47C2-B393-66E97203F107}.DEV|Any CPU.Build.0 = DEV|Any CPU
		{FABFCAFA-F6F2-47C2-B393-66E97203F107}.PROD|Any CPU.ActiveCfg = PROD|Any CPU
		{FABFCAFA-F6F2-47C2-B393-66E97203F107}.PROD|Any CPU.Build.0 = PROD|Any CPU
		{FABFCAFA-F6F2-47C2-B393-66E97203F107}.Release|Any CPU.ActiveCfg = DEV|Any CPU
		{FABFCAFA-F6F2-47C2-B393-66E97203F107}.Release|Any CPU.Build.0 = DEV|Any CPU
		{954BDA8F-14DC-42BA-B975-59C4F2149779}.Debug|Any CPU.ActiveCfg = Debug|Any CPU
		{954BDA8F-14DC-42BA-B975-59C4F2149779}.Debug|Any CPU.Build.0 = Debug|Any CPU
		{954BDA8F-14DC-42BA-B975-59C4F2149779}.DEV|Any CPU.ActiveCfg = DEV|Any CPU
		{954BDA8F-14DC-42BA-B975-59C4F2149779}.DEV|Any CPU.Build.0 = DEV|Any CPU
		{954BDA8F-14DC-42BA-B975-59C4F2149779}.PROD|Any CPU.ActiveCfg = PROD|Any CPU
		{954BDA8F-14DC-42BA-B975-59C4F2149779}.PROD|Any CPU.Build.0 = PROD|Any CPU
		{954BDA8F-14DC-42BA-B975-59C4F2149779}.Release|Any CPU.ActiveCfg = DEV|Any CPU
		{954BDA8F-14DC-42BA-B975-59C4F2149779}.Release|Any CPU.Build.0 = DEV|Any CPU
		{EA93A17D-54EC-4703-A387-9BD605154300}.Debug|Any CPU.ActiveCfg = Debug|Any CPU
		{EA93A17D-54EC-4703-A387-9BD605154300}.Debug|Any CPU.Build.0 = Debug|Any CPU
		{EA93A17D-54EC-4703-A387-9BD605154300}.DEV|Any CPU.ActiveCfg = DEV|Any CPU
		{EA93A17D-54EC-4703-A387-9BD605154300}.DEV|Any CPU.Build.0 = DEV|Any CPU
		{EA93A17D-54EC-4703-A387-9BD605154300}.PROD|Any CPU.ActiveCfg = PROD|Any CPU
		{EA93A17D-54EC-4703-A387-9BD605154300}.PROD|Any CPU.Build.0 = PROD|Any CPU
		{EA93A17D-54EC-4703-A387-9BD605154300}.Release|Any CPU.ActiveCfg = DEV|Any CPU
		{EA93A17D-54EC-4703-A387-9BD605154300}.Release|Any CPU.Build.0 = DEV|Any CPU
		{8663EC74-0F8F-482D-9CFF-DCB4F5C12E0C}.Debug|Any CPU.ActiveCfg = Debug|Any CPU
		{8663EC74-0F8F-482D-9CFF-DCB4F5C12E0C}.Debug|Any CPU.Build.0 = Debug|Any CPU
		{8663EC74-0F8F-482D-9CFF-DCB4F5C12E0C}.DEV|Any CPU.ActiveCfg = DEV|Any CPU
		{8663EC74-0F8F-482D-9CFF-DCB4F5C12E0C}.DEV|Any CPU.Build.0 = DEV|Any CPU
		{8663EC74-0F8F-482D-9CFF-DCB4F5C12E0C}.PROD|Any CPU.ActiveCfg = PROD|Any CPU
		{8663EC74-0F8F-482D-9CFF-DCB4F5C12E0C}.PROD|Any CPU.Build.0 = PROD|Any CPU
		{8663EC74-0F8F-482D-9CFF-DCB4F5C12E0C}.Release|Any CPU.ActiveCfg = DEV|Any CPU
		{8663EC74-0F8F-482D-9CFF-DCB4F5C12E0C}.Release|Any CPU.Build.0 = DEV|Any CPU
		{7B4A0A21-0CDE-432A-A785-599D4339AD8E}.Debug|Any CPU.ActiveCfg = Debug|Any CPU
		{7B4A0A21-0CDE-432A-A785-599D4339AD8E}.Debug|Any CPU.Build.0 = Debug|Any CPU
		{7B4A0A21-0CDE-432A-A785-599D4339AD8E}.DEV|Any CPU.ActiveCfg = DEV|Any CPU
		{7B4A0A21-0CDE-432A-A785-599D4339AD8E}.DEV|Any CPU.Build.0 = DEV|Any CPU
		{7B4A0A21-0CDE-432A-A785-599D4339AD8E}.PROD|Any CPU.ActiveCfg = PROD|Any CPU
		{7B4A0A21-0CDE-432A-A785-599D4339AD8E}.PROD|Any CPU.Build.0 = PROD|Any CPU
		{7B4A0A21-0CDE-432A-A785-599D4339AD8E}.Release|Any CPU.ActiveCfg = DEV|Any CPU
		{7B4A0A21-0CDE-432A-A785-599D4339AD8E}.Release|Any CPU.Build.0 = DEV|Any CPU
		{FCF0DC4A-8A75-499D-AE7D-25D2F5174E38}.Debug|Any CPU.ActiveCfg = Debug|Any CPU
		{FCF0DC4A-8A75-499D-AE7D-25D2F5174E38}.Debug|Any CPU.Build.0 = Debug|Any CPU
		{FCF0DC4A-8A75-499D-AE7D-25D2F5174E38}.DEV|Any CPU.ActiveCfg = DEV|Any CPU
		{FCF0DC4A-8A75-499D-AE7D-25D2F5174E38}.DEV|Any CPU.Build.0 = DEV|Any CPU
		{FCF0DC4A-8A75-499D-AE7D-25D2F5174E38}.PROD|Any CPU.ActiveCfg = PROD|Any CPU
		{FCF0DC4A-8A75-499D-AE7D-25D2F5174E38}.PROD|Any CPU.Build.0 = PROD|Any CPU
		{FCF0DC4A-8A75-499D-AE7D-25D2F5174E38}.Release|Any CPU.ActiveCfg = DEV|Any CPU
		{FCF0DC4A-8A75-499D-AE7D-25D2F5174E38}.Release|Any CPU.Build.0 = DEV|Any CPU
		{BD46EC5E-D3DD-42C2-81D1-D7B2B05B7A4E}.Debug|Any CPU.ActiveCfg = Debug|Any CPU
		{BD46EC5E-D3DD-42C2-81D1-D7B2B05B7A4E}.Debug|Any CPU.Build.0 = Debug|Any CPU
		{BD46EC5E-D3DD-42C2-81D1-D7B2B05B7A4E}.DEV|Any CPU.ActiveCfg = DEV|Any CPU
		{BD46EC5E-D3DD-42C2-81D1-D7B2B05B7A4E}.DEV|Any CPU.Build.0 = DEV|Any CPU
		{BD46EC5E-D3DD-42C2-81D1-D7B2B05B7A4E}.PROD|Any CPU.ActiveCfg = PROD|Any CPU
		{BD46EC5E-D3DD-42C2-81D1-D7B2B05B7A4E}.PROD|Any CPU.Build.0 = PROD|Any CPU
		{BD46EC5E-D3DD-42C2-81D1-D7B2B05B7A4E}.Release|Any CPU.ActiveCfg = DEV|Any CPU
		{BD46EC5E-D3DD-42C2-81D1-D7B2B05B7A4E}.Release|Any CPU.Build.0 = DEV|Any CPU
		{3B252589-C00B-49F6-92A0-EE2C8E7C671F}.Debug|Any CPU.ActiveCfg = Debug|Any CPU
		{3B252589-C00B-49F6-92A0-EE2C8E7C671F}.Debug|Any CPU.Build.0 = Debug|Any CPU
		{3B252589-C00B-49F6-92A0-EE2C8E7C671F}.DEV|Any CPU.ActiveCfg = DEV|Any CPU
		{3B252589-C00B-49F6-92A0-EE2C8E7C671F}.DEV|Any CPU.Build.0 = DEV|Any CPU
		{3B252589-C00B-49F6-92A0-EE2C8E7C671F}.PROD|Any CPU.ActiveCfg = PROD|Any CPU
		{3B252589-C00B-49F6-92A0-EE2C8E7C671F}.PROD|Any CPU.Build.0 = PROD|Any CPU
		{3B252589-C00B-49F6-92A0-EE2C8E7C671F}.Release|Any CPU.ActiveCfg = DEV|Any CPU
		{3B252589-C00B-49F6-92A0-EE2C8E7C671F}.Release|Any CPU.Build.0 = DEV|Any CPU
		{B6D54592-07C8-4B5E-A607-DD7FE49A43B6}.Debug|Any CPU.ActiveCfg = Debug|Any CPU
		{B6D54592-07C8-4B5E-A607-DD7FE49A43B6}.Debug|Any CPU.Build.0 = Debug|Any CPU
		{B6D54592-07C8-4B5E-A607-DD7FE49A43B6}.DEV|Any CPU.ActiveCfg = DEV|Any CPU
		{B6D54592-07C8-4B5E-A607-DD7FE49A43B6}.DEV|Any CPU.Build.0 = DEV|Any CPU
		{B6D54592-07C8-4B5E-A607-DD7FE49A43B6}.PROD|Any CPU.ActiveCfg = PROD|Any CPU
		{B6D54592-07C8-4B5E-A607-DD7FE49A43B6}.PROD|Any CPU.Build.0 = PROD|Any CPU
		{B6D54592-07C8-4B5E-A607-DD7FE49A43B6}.Release|Any CPU.ActiveCfg = DEV|Any CPU
		{B6D54592-07C8-4B5E-A607-DD7FE49A43B6}.Release|Any CPU.Build.0 = DEV|Any CPU
		{E01BBAFF-4FD7-4A4F-89A6-4FA54CC622BA}.Debug|Any CPU.ActiveCfg = Debug|Any CPU
		{E01BBAFF-4FD7-4A4F-89A6-4FA54CC622BA}.Debug|Any CPU.Build.0 = Debug|Any CPU
		{E01BBAFF-4FD7-4A4F-89A6-4FA54CC622BA}.DEV|Any CPU.ActiveCfg = DEV|Any CPU
		{E01BBAFF-4FD7-4A4F-89A6-4FA54CC622BA}.DEV|Any CPU.Build.0 = DEV|Any CPU
		{E01BBAFF-4FD7-4A4F-89A6-4FA54CC622BA}.PROD|Any CPU.ActiveCfg = PROD|Any CPU
		{E01BBAFF-4FD7-4A4F-89A6-4FA54CC622BA}.PROD|Any CPU.Build.0 = PROD|Any CPU
		{E01BBAFF-4FD7-4A4F-89A6-4FA54CC622BA}.Release|Any CPU.ActiveCfg = DEV|Any CPU
		{E01BBAFF-4FD7-4A4F-89A6-4FA54CC622BA}.Release|Any CPU.Build.0 = DEV|Any CPU
		{0F409239-29E3-43A5-8A08-BBFD9EB9A8AF}.Debug|Any CPU.ActiveCfg = Debug|Any CPU
		{0F409239-29E3-43A5-8A08-BBFD9EB9A8AF}.Debug|Any CPU.Build.0 = Debug|Any CPU
		{0F409239-29E3-43A5-8A08-BBFD9EB9A8AF}.DEV|Any CPU.ActiveCfg = DEV|Any CPU
		{0F409239-29E3-43A5-8A08-BBFD9EB9A8AF}.DEV|Any CPU.Build.0 = DEV|Any CPU
		{0F409239-29E3-43A5-8A08-BBFD9EB9A8AF}.PROD|Any CPU.ActiveCfg = PROD|Any CPU
		{0F409239-29E3-43A5-8A08-BBFD9EB9A8AF}.PROD|Any CPU.Build.0 = PROD|Any CPU
		{0F409239-29E3-43A5-8A08-BBFD9EB9A8AF}.Release|Any CPU.ActiveCfg = DEV|Any CPU
		{0F409239-29E3-43A5-8A08-BBFD9EB9A8AF}.Release|Any CPU.Build.0 = DEV|Any CPU
		{59E14CFE-90AD-485A-9F00-55CBF6F7D6BD}.Debug|Any CPU.ActiveCfg = Debug|Any CPU
		{59E14CFE-90AD-485A-9F00-55CBF6F7D6BD}.Debug|Any CPU.Build.0 = Debug|Any CPU
		{59E14CFE-90AD-485A-9F00-55CBF6F7D6BD}.DEV|Any CPU.ActiveCfg = DEV|Any CPU
		{59E14CFE-90AD-485A-9F00-55CBF6F7D6BD}.DEV|Any CPU.Build.0 = DEV|Any CPU
		{59E14CFE-90AD-485A-9F00-55CBF6F7D6BD}.PROD|Any CPU.ActiveCfg = PROD|Any CPU
		{59E14CFE-90AD-485A-9F00-55CBF6F7D6BD}.PROD|Any CPU.Build.0 = PROD|Any CPU
		{59E14CFE-90AD-485A-9F00-55CBF6F7D6BD}.Release|Any CPU.ActiveCfg = PROD|Any CPU
		{B2C59C04-8655-46AA-B270-20DEC878D413}.Debug|Any CPU.ActiveCfg = Debug|Any CPU
		{B2C59C04-8655-46AA-B270-20DEC878D413}.Debug|Any CPU.Build.0 = Debug|Any CPU
		{B2C59C04-8655-46AA-B270-20DEC878D413}.DEV|Any CPU.ActiveCfg = DEV|Any CPU
		{B2C59C04-8655-46AA-B270-20DEC878D413}.DEV|Any CPU.Build.0 = DEV|Any CPU
		{B2C59C04-8655-46AA-B270-20DEC878D413}.PROD|Any CPU.ActiveCfg = PROD|Any CPU
		{B2C59C04-8655-46AA-B270-20DEC878D413}.PROD|Any CPU.Build.0 = PROD|Any CPU
		{B2C59C04-8655-46AA-B270-20DEC878D413}.Release|Any CPU.ActiveCfg = DEV|Any CPU
		{B2C59C04-8655-46AA-B270-20DEC878D413}.Release|Any CPU.Build.0 = DEV|Any CPU
		{CB566F8B-ADBD-419B-9F0C-A1B7B048C21C}.Debug|Any CPU.ActiveCfg = Debug|Any CPU
		{CB566F8B-ADBD-419B-9F0C-A1B7B048C21C}.Debug|Any CPU.Build.0 = Debug|Any CPU
		{CB566F8B-ADBD-419B-9F0C-A1B7B048C21C}.DEV|Any CPU.ActiveCfg = Debug|Any CPU
		{CB566F8B-ADBD-419B-9F0C-A1B7B048C21C}.DEV|Any CPU.Build.0 = Debug|Any CPU
		{CB566F8B-ADBD-419B-9F0C-A1B7B048C21C}.PROD|Any CPU.ActiveCfg = Release|Any CPU
		{CB566F8B-ADBD-419B-9F0C-A1B7B048C21C}.PROD|Any CPU.Build.0 = Release|Any CPU
		{CB566F8B-ADBD-419B-9F0C-A1B7B048C21C}.Release|Any CPU.ActiveCfg = Release|Any CPU
		{CB566F8B-ADBD-419B-9F0C-A1B7B048C21C}.Release|Any CPU.Build.0 = Release|Any CPU
		{60875F2E-5CBF-4E9C-941C-408C5482AA95}.Debug|Any CPU.ActiveCfg = Debug|Any CPU
		{60875F2E-5CBF-4E9C-941C-408C5482AA95}.Debug|Any CPU.Build.0 = Debug|Any CPU
		{60875F2E-5CBF-4E9C-941C-408C5482AA95}.DEV|Any CPU.ActiveCfg = Debug|Any CPU
		{60875F2E-5CBF-4E9C-941C-408C5482AA95}.DEV|Any CPU.Build.0 = Debug|Any CPU
		{60875F2E-5CBF-4E9C-941C-408C5482AA95}.PROD|Any CPU.ActiveCfg = Release|Any CPU
		{60875F2E-5CBF-4E9C-941C-408C5482AA95}.PROD|Any CPU.Build.0 = Release|Any CPU
		{60875F2E-5CBF-4E9C-941C-408C5482AA95}.Release|Any CPU.ActiveCfg = Release|Any CPU
		{60875F2E-5CBF-4E9C-941C-408C5482AA95}.Release|Any CPU.Build.0 = Release|Any CPU
		{962EE4F4-0045-42D2-9941-18D9CA184ABE}.Debug|Any CPU.ActiveCfg = Debug|Any CPU
		{962EE4F4-0045-42D2-9941-18D9CA184ABE}.Debug|Any CPU.Build.0 = Debug|Any CPU
		{962EE4F4-0045-42D2-9941-18D9CA184ABE}.DEV|Any CPU.ActiveCfg = Debug|Any CPU
		{962EE4F4-0045-42D2-9941-18D9CA184ABE}.DEV|Any CPU.Build.0 = Debug|Any CPU
		{962EE4F4-0045-42D2-9941-18D9CA184ABE}.PROD|Any CPU.ActiveCfg = Release|Any CPU
		{962EE4F4-0045-42D2-9941-18D9CA184ABE}.PROD|Any CPU.Build.0 = Release|Any CPU
		{962EE4F4-0045-42D2-9941-18D9CA184ABE}.Release|Any CPU.ActiveCfg = Release|Any CPU
		{962EE4F4-0045-42D2-9941-18D9CA184ABE}.Release|Any CPU.Build.0 = Release|Any CPU
		{16534BA4-8F5C-4214-8840-8062090BF7A2}.Debug|Any CPU.ActiveCfg = Debug|Any CPU
		{16534BA4-8F5C-4214-8840-8062090BF7A2}.Debug|Any CPU.Build.0 = Debug|Any CPU
		{16534BA4-8F5C-4214-8840-8062090BF7A2}.DEV|Any CPU.ActiveCfg = Debug|Any CPU
		{16534BA4-8F5C-4214-8840-8062090BF7A2}.DEV|Any CPU.Build.0 = Debug|Any CPU
		{16534BA4-8F5C-4214-8840-8062090BF7A2}.PROD|Any CPU.ActiveCfg = Release|Any CPU
		{16534BA4-8F5C-4214-8840-8062090BF7A2}.PROD|Any CPU.Build.0 = Release|Any CPU
		{16534BA4-8F5C-4214-8840-8062090BF7A2}.Release|Any CPU.ActiveCfg = Release|Any CPU
		{16534BA4-8F5C-4214-8840-8062090BF7A2}.Release|Any CPU.Build.0 = Release|Any CPU
		{D5A300E2-ECBB-45B9-B266-2419180597DC}.Debug|Any CPU.ActiveCfg = Debug|Any CPU
		{D5A300E2-ECBB-45B9-B266-2419180597DC}.Debug|Any CPU.Build.0 = Debug|Any CPU
		{D5A300E2-ECBB-45B9-B266-2419180597DC}.DEV|Any CPU.ActiveCfg = Debug|Any CPU
		{D5A300E2-ECBB-45B9-B266-2419180597DC}.DEV|Any CPU.Build.0 = Debug|Any CPU
		{D5A300E2-ECBB-45B9-B266-2419180597DC}.PROD|Any CPU.ActiveCfg = Release|Any CPU
		{D5A300E2-ECBB-45B9-B266-2419180597DC}.PROD|Any CPU.Build.0 = Release|Any CPU
		{D5A300E2-ECBB-45B9-B266-2419180597DC}.Release|Any CPU.ActiveCfg = Release|Any CPU
		{D5A300E2-ECBB-45B9-B266-2419180597DC}.Release|Any CPU.Build.0 = Release|Any CPU
		{A897B065-2207-4FAF-897A-31449B95F3FE}.Debug|Any CPU.ActiveCfg = Debug|Any CPU
		{A897B065-2207-4FAF-897A-31449B95F3FE}.Debug|Any CPU.Build.0 = Debug|Any CPU
		{A897B065-2207-4FAF-897A-31449B95F3FE}.DEV|Any CPU.ActiveCfg = Debug|Any CPU
		{A897B065-2207-4FAF-897A-31449B95F3FE}.DEV|Any CPU.Build.0 = Debug|Any CPU
		{A897B065-2207-4FAF-897A-31449B95F3FE}.PROD|Any CPU.ActiveCfg = Release|Any CPU
		{A897B065-2207-4FAF-897A-31449B95F3FE}.PROD|Any CPU.Build.0 = Release|Any CPU
		{A897B065-2207-4FAF-897A-31449B95F3FE}.Release|Any CPU.ActiveCfg = Release|Any CPU
		{A897B065-2207-4FAF-897A-31449B95F3FE}.Release|Any CPU.Build.0 = Release|Any CPU
	EndGlobalSection
	GlobalSection(SolutionProperties) = preSolution
		HideSolutionNode = FALSE
	EndGlobalSection
	GlobalSection(NestedProjects) = preSolution
		{6E3EF4B1-4822-457F-BDC4-513CF9C84001} = {BD183054-6B40-46B4-A2E3-161DD4959D02}
		{954BDA8F-14DC-42BA-B975-59C4F2149779} = {1FC2C802-0B0A-4E0F-B5CD-C22ED9047219}
		{EA93A17D-54EC-4703-A387-9BD605154300} = {1FC2C802-0B0A-4E0F-B5CD-C22ED9047219}
		{0F409239-29E3-43A5-8A08-BBFD9EB9A8AF} = {1FC2C802-0B0A-4E0F-B5CD-C22ED9047219}
		{59E14CFE-90AD-485A-9F00-55CBF6F7D6BD} = {1FC2C802-0B0A-4E0F-B5CD-C22ED9047219}
		{CB566F8B-ADBD-419B-9F0C-A1B7B048C21C} = {1FC2C802-0B0A-4E0F-B5CD-C22ED9047219}
		{658EAF8E-02A2-4029-AC52-942261EE486C} = {956941F4-8905-499B-BA53-E65672714AC3}
		{FABFCAFA-F6F2-47C2-B393-66E97203F107} = {956941F4-8905-499B-BA53-E65672714AC3}
		{7B4A0A21-0CDE-432A-A785-599D4339AD8E} = {956941F4-8905-499B-BA53-E65672714AC3}
		{FCF0DC4A-8A75-499D-AE7D-25D2F5174E38} = {956941F4-8905-499B-BA53-E65672714AC3}
		{BD46EC5E-D3DD-42C2-81D1-D7B2B05B7A4E} = {956941F4-8905-499B-BA53-E65672714AC3}
		{3B252589-C00B-49F6-92A0-EE2C8E7C671F} = {956941F4-8905-499B-BA53-E65672714AC3}
		{B6D54592-07C8-4B5E-A607-DD7FE49A43B6} = {956941F4-8905-499B-BA53-E65672714AC3}
		{60875F2E-5CBF-4E9C-941C-408C5482AA95} = {956941F4-8905-499B-BA53-E65672714AC3}
		{CC2939C6-A278-4789-B937-ADB693E69C89} = {D686F982-B15B-4AAE-AF11-97BFF60C26F3}
		{4D58F500-CDC4-4697-8DA5-15568E804317} = {D686F982-B15B-4AAE-AF11-97BFF60C26F3}
		{8663EC74-0F8F-482D-9CFF-DCB4F5C12E0C} = {D686F982-B15B-4AAE-AF11-97BFF60C26F3}
		{E01BBAFF-4FD7-4A4F-89A6-4FA54CC622BA} = {D686F982-B15B-4AAE-AF11-97BFF60C26F3}
		{B2C59C04-8655-46AA-B270-20DEC878D413} = {D686F982-B15B-4AAE-AF11-97BFF60C26F3}
		{9811C1AB-4C0A-472C-AA69-E34B564E0A6B} = {D686F982-B15B-4AAE-AF11-97BFF60C26F3}
		{190CD27F-1ECE-4064-8A1E-412343E5E0ED} = {D686F982-B15B-4AAE-AF11-97BFF60C26F3}
		{962EE4F4-0045-42D2-9941-18D9CA184ABE} = {9811C1AB-4C0A-472C-AA69-E34B564E0A6B}
		{16534BA4-8F5C-4214-8840-8062090BF7A2} = {9811C1AB-4C0A-472C-AA69-E34B564E0A6B}
		{D5A300E2-ECBB-45B9-B266-2419180597DC} = {190CD27F-1ECE-4064-8A1E-412343E5E0ED}
		{A897B065-2207-4FAF-897A-31449B95F3FE} = {190CD27F-1ECE-4064-8A1E-412343E5E0ED}
	EndGlobalSection
EndGlobal
